
Microsoft Visual Studio Solution File, Format Version 12.00
# Visual Studio Version 16
VisualStudioVersion = 16.0.30320.27
MinimumVisualStudioVersion = 10.0.40219.1
Project("{8BC9CEB8-8B4A-11D0-8D11-00A0C91BC942}") = "circle", "circle\circle.vcxproj", "{1AECB3A4-4160-42FD-BAEA-5E35E095AF12}"
EndProject
Global
	GlobalSection(SolutionConfigurationPlatforms) = preSolution
		Debug|x64 = Debug|x64
		Debug|x86 = Debug|x86
		Release|x64 = Release|x64
		Release|x86 = Release|x86
	EndGlobalSection
	GlobalSection(ProjectConfigurationPlatforms) = postSolution
		{1AECB3A4-4160-42FD-BAEA-5E35E095AF12}.Debug|x64.ActiveCfg = Debug|x64
		{1AECB3A4-4160-42FD-BAEA-5E35E095AF12}.Debug|x64.Build.0 = Debug|x64
		{1AECB3A4-4160-42FD-BAEA-5E35E095AF12}.Debug|x86.ActiveCfg = Debug|Win32
		{1AECB3A4-4160-42FD-BAEA-5E35E095AF12}.Debug|x86.Build.0 = Debug|Win32
		{1AECB3A4-4160-42FD-BAEA-5E35E095AF12}.Release|x64.ActiveCfg = Release|x64
		{1AECB3A4-4160-42FD-BAEA-5E35E095AF12}.Release|x64.Build.0 = Release|x64
		{1AECB3A4-4160-42FD-BAEA-5E35E095AF12}.Release|x86.ActiveCfg = Release|Win32
		{1AECB3A4-4160-42FD-BAEA-5E35E095AF12}.Release|x86.Build.0 = Release|Win32
	EndGlobalSection
	GlobalSection(SolutionProperties) = preSolution
		HideSolutionNode = FALSE
	EndGlobalSection
	GlobalSection(ExtensibilityGlobals) = postSolution
		SolutionGuid = {98F5A7D4-B5D1-4869-B8B6-596228420C9F}
	EndGlobalSection
EndGlobal
